
Microsoft Visual Studio Solution File, Format Version 12.00
# Visual Studio 15
VisualStudioVersion = 15.0.27428.2037
MinimumVisualStudioVersion = 10.0.40219.1
Project("{FAE04EC0-301F-11D3-BF4B-00C04F79EFBC}") = "ShapesGraphics", "ShapesGraphics\ShapesGraphics.csproj", "{C5073774-00C8-411B-8B13-9E798A6DC7CD}"
EndProject
Global
	GlobalSection(SolutionConfigurationPlatforms) = preSolution
		Debug|Any CPU = Debug|Any CPU
		Release|Any CPU = Release|Any CPU
	EndGlobalSection
	GlobalSection(ProjectConfigurationPlatforms) = postSolution
		{C5073774-00C8-411B-8B13-9E798A6DC7CD}.Debug|Any CPU.ActiveCfg = Debug|Any CPU
		{C5073774-00C8-411B-8B13-9E798A6DC7CD}.Debug|Any CPU.Build.0 = Debug|Any CPU
		{C5073774-00C8-411B-8B13-9E798A6DC7CD}.Release|Any CPU.ActiveCfg = Release|Any CPU
		{C5073774-00C8-411B-8B13-9E798A6DC7CD}.Release|Any CPU.Build.0 = Release|Any CPU
	EndGlobalSection
	GlobalSection(SolutionProperties) = preSolution
		HideSolutionNode = FALSE
	EndGlobalSection
	GlobalSection(ExtensibilityGlobals) = postSolution
		SolutionGuid = {7822DFDA-B472-4BF4-85D4-D2104B928F96}
	EndGlobalSection
EndGlobal
